
Microsoft Visual Studio Solution File, Format Version 12.00
# Visual Studio Version 16
VisualStudioVersion = 16.0.29209.62
MinimumVisualStudioVersion = 10.0.40219.1
Project("{9A19103F-16F7-4668-BE54-9A1E7A4F7556}") = "CalculatorTests", "CalculatorTests\CalculatorTests.csproj", "{217BF5A4-B215-4999-B8F2-375C5BA066E0}"
EndProject
Project("{FAE04EC0-301F-11D3-BF4B-00C04F79EFBC}") = "Tests", "Tests\Tests.csproj", "{13EA6BAE-C4F8-4721-8230-FBBC2B0848CE}"
EndProject
Global
	GlobalSection(SolutionConfigurationPlatforms) = preSolution
		Debug|Any CPU = Debug|Any CPU
		Release|Any CPU = Release|Any CPU
	EndGlobalSection
	GlobalSection(ProjectConfigurationPlatforms) = postSolution
		{217BF5A4-B215-4999-B8F2-375C5BA066E0}.Debug|Any CPU.ActiveCfg = Debug|Any CPU
		{217BF5A4-B215-4999-B8F2-375C5BA066E0}.Debug|Any CPU.Build.0 = Debug|Any CPU
		{217BF5A4-B215-4999-B8F2-375C5BA066E0}.Release|Any CPU.ActiveCfg = Release|Any CPU
		{217BF5A4-B215-4999-B8F2-375C5BA066E0}.Release|Any CPU.Build.0 = Release|Any CPU
		{13EA6BAE-C4F8-4721-8230-FBBC2B0848CE}.Debug|Any CPU.ActiveCfg = Debug|Any CPU
		{13EA6BAE-C4F8-4721-8230-FBBC2B0848CE}.Debug|Any CPU.Build.0 = Debug|Any CPU
		{13EA6BAE-C4F8-4721-8230-FBBC2B0848CE}.Release|Any CPU.ActiveCfg = Release|Any CPU
		{13EA6BAE-C4F8-4721-8230-FBBC2B0848CE}.Release|Any CPU.Build.0 = Release|Any CPU
	EndGlobalSection
	GlobalSection(SolutionProperties) = preSolution
		HideSolutionNode = FALSE
	EndGlobalSection
	GlobalSection(ExtensibilityGlobals) = postSolution
		SolutionGuid = {62307F4F-A57C-4429-AB54-46AB27637E10}
	EndGlobalSection
EndGlobal
